
Microsoft Visual Studio Solution File, Format Version 12.00
# Visual Studio Version 17
VisualStudioVersion = 17.5.33530.505
MinimumVisualStudioVersion = 10.0.40219.1
Project("{8BC9CEB8-8B4A-11D0-8D11-00A0C91BC942}") = "Re EN", "Re EN.vcxproj", "{2EE94BDB-76E8-4CC4-B6C8-625D9AE5C9C4}"
EndProject
Project("{2150E333-8FDC-42A3-9474-1A3956D46DE8}") = "ソリューション項目", "ソリューション項目", "{4D2ABEF3-62DA-45B4-97E7-86D5B4E0BFE7}"
	ProjectSection(SolutionItems) = preProject
		.editorconfig = .editorconfig
	EndProjectSection
EndProject
Global
	GlobalSection(SolutionConfigurationPlatforms) = preSolution
		Debug|x64 = Debug|x64
		Release|x64 = Release|x64
	EndGlobalSection
	GlobalSection(ProjectConfigurationPlatforms) = postSolution
		{2EE94BDB-76E8-4CC4-B6C8-625D9AE5C9C4}.Debug|x64.ActiveCfg = Debug|x64
		{2EE94BDB-76E8-4CC4-B6C8-625D9AE5C9C4}.Debug|x64.Build.0 = Debug|x64
		{2EE94BDB-76E8-4CC4-B6C8-625D9AE5C9C4}.Release|x64.ActiveCfg = Release|x64
		{2EE94BDB-76E8-4CC4-B6C8-625D9AE5C9C4}.Release|x64.Build.0 = Release|x64
	EndGlobalSection
	GlobalSection(SolutionProperties) = preSolution
		HideSolutionNode = FALSE
	EndGlobalSection
	GlobalSection(ExtensibilityGlobals) = postSolution
		SolutionGuid = {CD71DFA8-3936-43F9-ACDB-E8DADFB0485B}
	EndGlobalSection
EndGlobal
